PODS:
  - Captions (0.0.15)

DEPENDENCIES:
  - Captions (from `https://github.com/jonbrennecke/captions.git`, tag `v0.0.15`)

EXTERNAL SOURCES:
  Captions:
    :git: https://github.com/jonbrennecke/captions.git
    :tag: v0.0.15

CHECKOUT OPTIONS:
  Captions:
    :git: https://github.com/jonbrennecke/captions.git
    :tag: v0.0.15

SPEC CHECKSUMS:
  Captions: e2007927646117a727d72fc1d6e70d2f60b7c64d

PODFILE CHECKSUM: 94e7547257b53cc5c7b3170fec3385e8cb2b4928

COCOAPODS: 1.8.4
