PODS:
  - Captions (0.0.17)

DEPENDENCIES:
  - Captions (from `https://github.com/jonbrennecke/captions.git`, tag `v0.0.17`)

EXTERNAL SOURCES:
  Captions:
    :git: https://github.com/jonbrennecke/captions.git
    :tag: v0.0.17

CHECKOUT OPTIONS:
  Captions:
    :git: https://github.com/jonbrennecke/captions.git
    :tag: v0.0.17

SPEC CHECKSUMS:
  Captions: e2a5ae9c50bea4ad0a591e90cf2db3bc359f4b82

PODFILE CHECKSUM: 7a236f462d81efcb17799484f8758626db6c726d

COCOAPODS: 1.8.4
