PODS:
  - Captions (0.0.18)

DEPENDENCIES:
  - Captions (from `https://github.com/jonbrennecke/captions.git`, tag `v0.0.18`)

EXTERNAL SOURCES:
  Captions:
    :git: https://github.com/jonbrennecke/captions.git
    :tag: v0.0.18

CHECKOUT OPTIONS:
  Captions:
    :git: https://github.com/jonbrennecke/captions.git
    :tag: v0.0.18

SPEC CHECKSUMS:
  Captions: 56483470393d3502b190c1b50c2e436a064f6b68

PODFILE CHECKSUM: 008c1303558a5ff719dcc4ede24f7172105090a6

COCOAPODS: 1.8.4
